
Microsoft Visual Studio Solution File, Format Version 12.00
# Visual Studio 15
VisualStudioVersion = 15.0.28307.960
MinimumVisualStudioVersion = 10.0.40219.1
Project("{8BC9CEB8-8B4A-11D0-8D11-00A0C91BC942}") = "pexphide", "pexphide\pexphide.vcxproj", "{DEA34062-9318-4294-ADF4-C222CFF3466C}"
EndProject
Project("{8BC9CEB8-8B4A-11D0-8D11-00A0C91BC942}") = "test", "test\test.vcxproj", "{E1107945-0BA0-4ABB-8713-1D5D1B676E4F}"
EndProject
Global
	GlobalSection(SolutionConfigurationPlatforms) = preSolution
		Debug|x64 = Debug|x64
		Debug|x86 = Debug|x86
		Release|x64 = Release|x64
		Release|x86 = Release|x86
	EndGlobalSection
	GlobalSection(ProjectConfigurationPlatforms) = postSolution
		{DEA34062-9318-4294-ADF4-C222CFF3466C}.Debug|x64.ActiveCfg = Debug|x64
		{DEA34062-9318-4294-ADF4-C222CFF3466C}.Debug|x64.Build.0 = Debug|x64
		{DEA34062-9318-4294-ADF4-C222CFF3466C}.Debug|x86.ActiveCfg = Debug|Win32
		{DEA34062-9318-4294-ADF4-C222CFF3466C}.Debug|x86.Build.0 = Debug|Win32
		{DEA34062-9318-4294-ADF4-C222CFF3466C}.Release|x64.ActiveCfg = Release|x64
		{DEA34062-9318-4294-ADF4-C222CFF3466C}.Release|x64.Build.0 = Release|x64
		{DEA34062-9318-4294-ADF4-C222CFF3466C}.Release|x86.ActiveCfg = Release|Win32
		{DEA34062-9318-4294-ADF4-C222CFF3466C}.Release|x86.Build.0 = Release|Win32
		{E1107945-0BA0-4ABB-8713-1D5D1B676E4F}.Debug|x64.ActiveCfg = Debug|x64
		{E1107945-0BA0-4ABB-8713-1D5D1B676E4F}.Debug|x64.Build.0 = Debug|x64
		{E1107945-0BA0-4ABB-8713-1D5D1B676E4F}.Debug|x86.ActiveCfg = Debug|Win32
		{E1107945-0BA0-4ABB-8713-1D5D1B676E4F}.Debug|x86.Build.0 = Debug|Win32
		{E1107945-0BA0-4ABB-8713-1D5D1B676E4F}.Release|x64.ActiveCfg = Release|x64
		{E1107945-0BA0-4ABB-8713-1D5D1B676E4F}.Release|x64.Build.0 = Release|x64
		{E1107945-0BA0-4ABB-8713-1D5D1B676E4F}.Release|x86.ActiveCfg = Release|Win32
		{E1107945-0BA0-4ABB-8713-1D5D1B676E4F}.Release|x86.Build.0 = Release|Win32
	EndGlobalSection
	GlobalSection(SolutionProperties) = preSolution
		HideSolutionNode = FALSE
	EndGlobalSection
	GlobalSection(ExtensibilityGlobals) = postSolution
		SolutionGuid = {0AE4A00A-28F8-4473-A7D1-101EAF9F3A3E}
	EndGlobalSection
EndGlobal
